
Microsoft Visual Studio Solution File, Format Version 12.00
# Visual Studio 14
VisualStudioVersion = 14.0.25420.1
MinimumVisualStudioVersion = 10.0.40219.1
Project("{FAE04EC0-301F-11D3-BF4B-00C04F79EFBC}") = "Pastry ManagementSystem", "Pastry ManagementSystem\Pastry ManagementSystem.csproj", "{28BE9796-9F37-495B-B7C1-DCE9D79B7E13}"
EndProject
Project("{FAE04EC0-301F-11D3-BF4B-00C04F79EFBC}") = "PMS.AdminPanel", "PMS.AdminPanel\PMS.AdminPanel.csproj", "{0E291A01-FBC2-4C0D-8250-DCC4FD099690}"
EndProject
Project("{FAE04EC0-301F-11D3-BF4B-00C04F79EFBC}") = "PMS.Inventory", "PMS.Inventory\PMS.Inventory.csproj", "{601A1B05-AFB6-4834-9332-707BA62FB277}"
EndProject
Project("{FAE04EC0-301F-11D3-BF4B-00C04F79EFBC}") = "MessageBoxControlCenter", "MessageBoxControlCenter\MessageBoxControlCenter.csproj", "{E9EE4679-4094-4093-8DBF-212C455A2022}"
EndProject
Project("{FAE04EC0-301F-11D3-BF4B-00C04F79EFBC}") = "OnlyForAdmin", "OnlyForAdmin\OnlyForAdmin.csproj", "{779184A2-3B96-46AF-84B1-DA79178083F5}"
EndProject
Project("{FAE04EC0-301F-11D3-BF4B-00C04F79EFBC}") = "AdminObjectsHide", "AdminObjectsHideThenDelete\AdminObjectsHide.csproj", "{32E12816-B0DE-4ECE-ADFF-9A3D47216366}"
EndProject
Project("{6141683F-8A12-4E36-9623-2EB02B2C2303}") = "Setup", "Setup\Setup.isproj", "{336577BA-AB14-4D8C-BC83-0B94EE783EB0}"
	ProjectSection(ProjectDependencies) = postProject
		{0E291A01-FBC2-4C0D-8250-DCC4FD099690} = {0E291A01-FBC2-4C0D-8250-DCC4FD099690}
		{601A1B05-AFB6-4834-9332-707BA62FB277} = {601A1B05-AFB6-4834-9332-707BA62FB277}
		{32E12816-B0DE-4ECE-ADFF-9A3D47216366} = {32E12816-B0DE-4ECE-ADFF-9A3D47216366}
		{E9EE4679-4094-4093-8DBF-212C455A2022} = {E9EE4679-4094-4093-8DBF-212C455A2022}
		{28BE9796-9F37-495B-B7C1-DCE9D79B7E13} = {28BE9796-9F37-495B-B7C1-DCE9D79B7E13}
		{779184A2-3B96-46AF-84B1-DA79178083F5} = {779184A2-3B96-46AF-84B1-DA79178083F5}
	EndProjectSection
EndProject
Global
	GlobalSection(SolutionConfigurationPlatforms) = preSolution
		CD_ROM|Any CPU = CD_ROM|Any CPU
		Debug|Any CPU = Debug|Any CPU
		DVD-5|Any CPU = DVD-5|Any CPU
		Release|Any CPU = Release|Any CPU
		SingleImage|Any CPU = SingleImage|Any CPU
	EndGlobalSection
	GlobalSection(ProjectConfigurationPlatforms) = postSolution
		{28BE9796-9F37-495B-B7C1-DCE9D79B7E13}.CD_ROM|Any CPU.ActiveCfg = Release|Any CPU
		{28BE9796-9F37-495B-B7C1-DCE9D79B7E13}.CD_ROM|Any CPU.Build.0 = Release|Any CPU
		{28BE9796-9F37-495B-B7C1-DCE9D79B7E13}.Debug|Any CPU.ActiveCfg = Debug|Any CPU
		{28BE9796-9F37-495B-B7C1-DCE9D79B7E13}.Debug|Any CPU.Build.0 = Debug|Any CPU
		{28BE9796-9F37-495B-B7C1-DCE9D79B7E13}.DVD-5|Any CPU.ActiveCfg = Debug|Any CPU
		{28BE9796-9F37-495B-B7C1-DCE9D79B7E13}.DVD-5|Any CPU.Build.0 = Debug|Any CPU
		{28BE9796-9F37-495B-B7C1-DCE9D79B7E13}.Release|Any CPU.ActiveCfg = Release|Any CPU
		{28BE9796-9F37-495B-B7C1-DCE9D79B7E13}.Release|Any CPU.Build.0 = Release|Any CPU
		{28BE9796-9F37-495B-B7C1-DCE9D79B7E13}.SingleImage|Any CPU.ActiveCfg = Release|Any CPU
		{28BE9796-9F37-495B-B7C1-DCE9D79B7E13}.SingleImage|Any CPU.Build.0 = Release|Any CPU
		{0E291A01-FBC2-4C0D-8250-DCC4FD099690}.CD_ROM|Any CPU.ActiveCfg = Release|Any CPU
		{0E291A01-FBC2-4C0D-8250-DCC4FD099690}.CD_ROM|Any CPU.Build.0 = Release|Any CPU
		{0E291A01-FBC2-4C0D-8250-DCC4FD099690}.Debug|Any CPU.ActiveCfg = Debug|Any CPU
		{0E291A01-FBC2-4C0D-8250-DCC4FD099690}.Debug|Any CPU.Build.0 = Debug|Any CPU
		{0E291A01-FBC2-4C0D-8250-DCC4FD099690}.DVD-5|Any CPU.ActiveCfg = Debug|Any CPU
		{0E291A01-FBC2-4C0D-8250-DCC4FD099690}.DVD-5|Any CPU.Build.0 = Debug|Any CPU
		{0E291A01-FBC2-4C0D-8250-DCC4FD099690}.Release|Any CPU.ActiveCfg = Release|Any CPU
		{0E291A01-FBC2-4C0D-8250-DCC4FD099690}.Release|Any CPU.Build.0 = Release|Any CPU
		{0E291A01-FBC2-4C0D-8250-DCC4FD099690}.SingleImage|Any CPU.ActiveCfg = Release|Any CPU
		{0E291A01-FBC2-4C0D-8250-DCC4FD099690}.SingleImage|Any CPU.Build.0 = Release|Any CPU
		{601A1B05-AFB6-4834-9332-707BA62FB277}.CD_ROM|Any CPU.ActiveCfg = Release|Any CPU
		{601A1B05-AFB6-4834-9332-707BA62FB277}.CD_ROM|Any CPU.Build.0 = Release|Any CPU
		{601A1B05-AFB6-4834-9332-707BA62FB277}.Debug|Any CPU.ActiveCfg = Debug|Any CPU
		{601A1B05-AFB6-4834-9332-707BA62FB277}.Debug|Any CPU.Build.0 = Debug|Any CPU
		{601A1B05-AFB6-4834-9332-707BA62FB277}.DVD-5|Any CPU.ActiveCfg = Debug|Any CPU
		{601A1B05-AFB6-4834-9332-707BA62FB277}.DVD-5|Any CPU.Build.0 = Debug|Any CPU
		{601A1B05-AFB6-4834-9332-707BA62FB277}.Release|Any CPU.ActiveCfg = Release|Any CPU
		{601A1B05-AFB6-4834-9332-707BA62FB277}.Release|Any CPU.Build.0 = Release|Any CPU
		{601A1B05-AFB6-4834-9332-707BA62FB277}.SingleImage|Any CPU.ActiveCfg = Release|Any CPU
		{601A1B05-AFB6-4834-9332-707BA62FB277}.SingleImage|Any CPU.Build.0 = Release|Any CPU
		{E9EE4679-4094-4093-8DBF-212C455A2022}.CD_ROM|Any CPU.ActiveCfg = Release|Any CPU
		{E9EE4679-4094-4093-8DBF-212C455A2022}.CD_ROM|Any CPU.Build.0 = Release|Any CPU
		{E9EE4679-4094-4093-8DBF-212C455A2022}.Debug|Any CPU.ActiveCfg = Debug|Any CPU
		{E9EE4679-4094-4093-8DBF-212C455A2022}.Debug|Any CPU.Build.0 = Debug|Any CPU
		{E9EE4679-4094-4093-8DBF-212C455A2022}.DVD-5|Any CPU.ActiveCfg = Debug|Any CPU
		{E9EE4679-4094-4093-8DBF-212C455A2022}.DVD-5|Any CPU.Build.0 = Debug|Any CPU
		{E9EE4679-4094-4093-8DBF-212C455A2022}.Release|Any CPU.ActiveCfg = Release|Any CPU
		{E9EE4679-4094-4093-8DBF-212C455A2022}.Release|Any CPU.Build.0 = Release|Any CPU
		{E9EE4679-4094-4093-8DBF-212C455A2022}.SingleImage|Any CPU.ActiveCfg = Release|Any CPU
		{E9EE4679-4094-4093-8DBF-212C455A2022}.SingleImage|Any CPU.Build.0 = Release|Any CPU
		{779184A2-3B96-46AF-84B1-DA79178083F5}.CD_ROM|Any CPU.ActiveCfg = Release|Any CPU
		{779184A2-3B96-46AF-84B1-DA79178083F5}.CD_ROM|Any CPU.Build.0 = Release|Any CPU
		{779184A2-3B96-46AF-84B1-DA79178083F5}.Debug|Any CPU.ActiveCfg = Debug|Any CPU
		{779184A2-3B96-46AF-84B1-DA79178083F5}.Debug|Any CPU.Build.0 = Debug|Any CPU
		{779184A2-3B96-46AF-84B1-DA79178083F5}.DVD-5|Any CPU.ActiveCfg = Debug|Any CPU
		{779184A2-3B96-46AF-84B1-DA79178083F5}.DVD-5|Any CPU.Build.0 = Debug|Any CPU
		{779184A2-3B96-46AF-84B1-DA79178083F5}.Release|Any CPU.ActiveCfg = Release|Any CPU
		{779184A2-3B96-46AF-84B1-DA79178083F5}.Release|Any CPU.Build.0 = Release|Any CPU
		{779184A2-3B96-46AF-84B1-DA79178083F5}.SingleImage|Any CPU.ActiveCfg = Release|Any CPU
		{779184A2-3B96-46AF-84B1-DA79178083F5}.SingleImage|Any CPU.Build.0 = Release|Any CPU
		{32E12816-B0DE-4ECE-ADFF-9A3D47216366}.CD_ROM|Any CPU.ActiveCfg = Release|Any CPU
		{32E12816-B0DE-4ECE-ADFF-9A3D47216366}.CD_ROM|Any CPU.Build.0 = Release|Any CPU
		{32E12816-B0DE-4ECE-ADFF-9A3D47216366}.Debug|Any CPU.ActiveCfg = Debug|Any CPU
		{32E12816-B0DE-4ECE-ADFF-9A3D47216366}.Debug|Any CPU.Build.0 = Debug|Any CPU
		{32E12816-B0DE-4ECE-ADFF-9A3D47216366}.DVD-5|Any CPU.ActiveCfg = Debug|Any CPU
		{32E12816-B0DE-4ECE-ADFF-9A3D47216366}.DVD-5|Any CPU.Build.0 = Debug|Any CPU
		{32E12816-B0DE-4ECE-ADFF-9A3D47216366}.Release|Any CPU.ActiveCfg = Release|Any CPU
		{32E12816-B0DE-4ECE-ADFF-9A3D47216366}.Release|Any CPU.Build.0 = Release|Any CPU
		{32E12816-B0DE-4ECE-ADFF-9A3D47216366}.SingleImage|Any CPU.ActiveCfg = Release|Any CPU
		{32E12816-B0DE-4ECE-ADFF-9A3D47216366}.SingleImage|Any CPU.Build.0 = Release|Any CPU
		{336577BA-AB14-4D8C-BC83-0B94EE783EB0}.CD_ROM|Any CPU.ActiveCfg = CD_ROM
		{336577BA-AB14-4D8C-BC83-0B94EE783EB0}.CD_ROM|Any CPU.Build.0 = CD_ROM
		{336577BA-AB14-4D8C-BC83-0B94EE783EB0}.Debug|Any CPU.ActiveCfg = DVD-5
		{336577BA-AB14-4D8C-BC83-0B94EE783EB0}.Debug|Any CPU.Build.0 = DVD-5
		{336577BA-AB14-4D8C-BC83-0B94EE783EB0}.DVD-5|Any CPU.ActiveCfg = DVD-5
		{336577BA-AB14-4D8C-BC83-0B94EE783EB0}.DVD-5|Any CPU.Build.0 = DVD-5
		{336577BA-AB14-4D8C-BC83-0B94EE783EB0}.Release|Any CPU.ActiveCfg = SingleImage
		{336577BA-AB14-4D8C-BC83-0B94EE783EB0}.Release|Any CPU.Build.0 = SingleImage
		{336577BA-AB14-4D8C-BC83-0B94EE783EB0}.SingleImage|Any CPU.ActiveCfg = SingleImage
		{336577BA-AB14-4D8C-BC83-0B94EE783EB0}.SingleImage|Any CPU.Build.0 = SingleImage
	EndGlobalSection
	GlobalSection(SolutionProperties) = preSolution
		HideSolutionNode = FALSE
	EndGlobalSection
EndGlobal
